{
  "name": "navigation",
  "version": "1.0.0",
  "lockfileVersion": 3,
  "requires": true,
  "packages": {
    "": {
      "name": "navigation",
      "version": "1.0.0",
      "license": "ISC",
      "dependencies": {
        "ahrs": "^1.3.3"
      }
    },
    "node_modules/ahrs": {
      "version": "1.3.3",
      "resolved": "https://registry.npmjs.org/ahrs/-/ahrs-1.3.3.tgz",
      "integrity": "sha512-zmjZmXdsBWdhl+wtp+GSK/aKXtGvrfB9PHs25iIqbwH9w0xa0iE9ofTMlpxZIDTHcbm3W3HJ87/wBWYvcOcA1A=="
    }
  }
}
